# This file is automatically @generated by Cargo.
# It is not intended for manual editing.
version = 3

[[package]]
name = "addr2line"
version = "0.21.0"
source = "registry+https://github.com/rust-lang/crates.io-index"
checksum = "8a30b2e23b9e17a9f90641c7ab1549cd9b44f296d3ccbf309d2863cfe398a0cb"
dependencies = [
 "gimli",
]

[[package]]
name = "adler"
version = "1.0.2"
source = "registry+https://github.com/rust-lang/crates.io-index"
checksum = "f26201604c87b1e01bd3d98f8d5d9a8fcbb815e8cedb41ffccbeb4bf593a35fe"

[[package]]
name = "anyhow"
version = "1.0.76"
source = "registry+https://github.com/rust-lang/crates.io-index"
checksum = "59d2a3357dde987206219e78ecfbbb6e8dad06cbb65292758d3270e6254f7355"

[[package]]
name = "backtrace"
version = "0.3.69"
source = "registry+https://github.com/rust-lang/crates.io-index"
checksum = "2089b7e3f35b9dd2d0ed921ead4f6d318c27680d4a5bd167b3ee120edb105837"
dependencies = [
 "addr2line",
 "cc",
 "cfg-if",
 "libc",
 "miniz_oxide",
 "object",
 "rustc-demangle",
]

[[package]]
name = "cc"
version = "1.0.83"
source = "registry+https://github.com/rust-lang/crates.io-index"
checksum = "f1174fb0b6ec23863f8b971027804a42614e347eafb0a95bf0b12cdae21fc4d0"
dependencies = [
 "libc",
]

[[package]]
name = "cfg-if"
version = "1.0.0"
source = "registry+https://github.com/rust-lang/crates.io-index"
checksum = "baf1de4339761588bc0619e3cbc0120ee582ebb74b53b4efbf79117bd2da40fd"

[[package]]
name = "gimli"
version = "0.28.1"
source = "registry+https://github.com/rust-lang/crates.io-index"
checksum = "4271d37baee1b8c7e4b708028c57d816cf9d2434acb33a549475f78c181f6253"

[[package]]
name = "iso8601"
version = "0.6.1"
source = "registry+https://github.com/rust-lang/crates.io-index"
checksum = "924e5d73ea28f59011fec52a0d12185d496a9b075d360657aed2a5707f701153"
dependencies = [
 "nom",
]

[[package]]
name = "lazy_static"
version = "1.4.0"
source = "registry+https://github.com/rust-lang/crates.io-index"
checksum = "e2abad23fbc42b3700f2f279844dc832adb2b2eb069b2df918f455c4e18cc646"

[[package]]
name = "libc"
version = "0.2.151"
source = "registry+https://github.com/rust-lang/crates.io-index"
checksum = "302d7ab3130588088d277783b1e2d2e10c9e9e4a16dd9050e6ec93fb3e7048f4"

[[package]]
name = "memchr"
version = "2.7.1"
source = "registry+https://github.com/rust-lang/crates.io-index"
checksum = "523dc4f511e55ab87b694dc30d0f820d60906ef06413f93d4d7a1385599cc149"

[[package]]
name = "minimal-lexical"
version = "0.2.1"
source = "registry+https://github.com/rust-lang/crates.io-index"
checksum = "68354c5c6bd36d73ff3feceb05efa59b6acb7626617f4962be322a825e61f79a"

[[package]]
name = "miniz_oxide"
version = "0.7.1"
source = "registry+https://github.com/rust-lang/crates.io-index"
checksum = "e7810e0be55b428ada41041c41f32c9f1a42817901b4ccf45fa3d4b6561e74c7"
dependencies = [
 "adler",
]

[[package]]
name = "nom"
version = "7.1.3"
source = "registry+https://github.com/rust-lang/crates.io-index"
checksum = "d273983c5a657a70a3e8f2a01329822f3b8c8172b73826411a55751e404a0a4a"
dependencies = [
 "memchr",
 "minimal-lexical",
]

[[package]]
name = "object"
version = "0.32.2"
source = "registry+https://github.com/rust-lang/crates.io-index"
checksum = "a6a622008b6e321afc04970976f62ee297fdbaa6f95318ca343e3eebb9648441"
dependencies = [
 "memchr",
]

[[package]]
name = "paste"
version = "1.0.14"
source = "registry+https://github.com/rust-lang/crates.io-index"
checksum = "de3145af08024dea9fa9914f381a17b8fc6034dfb00f3a84013f7ff43f29ed4c"

[[package]]
name = "pin-project-lite"
version = "0.2.13"
source = "registry+https://github.com/rust-lang/crates.io-index"
checksum = "8afb450f006bf6385ca15ef45d71d2288452bc3683ce2e2cacc0d18e4be60b58"

[[package]]
name = "pollster"
version = "0.3.0"
source = "registry+https://github.com/rust-lang/crates.io-index"
checksum = "22686f4785f02a4fcc856d3b3bb19bf6c8160d103f7a99cc258bddd0251dc7f2"

[[package]]
name = "proc-macro2"
version = "1.0.71"
source = "registry+https://github.com/rust-lang/crates.io-index"
checksum = "75cb1540fadbd5b8fbccc4dddad2734eba435053f725621c070711a14bb5f4b8"
dependencies = [
 "unicode-ident",
]

[[package]]
name = "quote"
version = "1.0.33"
source = "registry+https://github.com/rust-lang/crates.io-index"
checksum = "5267fca4496028628a95160fc423a33e8b2e6af8a5302579e322e4b520293cae"
dependencies = [
 "proc-macro2",
]

[[package]]
name = "rpi_build_hat_serial"
version = "0.1.0"
dependencies = [
 "anyhow",
 "iso8601",
 "lazy_static",
 "paste",
 "pollster",
 "rppal",
 "thiserror",
 "tokio",
]

[[package]]
name = "rppal"
version = "0.16.1"
source = "registry+https://github.com/rust-lang/crates.io-index"
checksum = "8d136b79fe4b07246bb6bcc67646e5d2f060b84f7d04a6d052b365249ad14e4a"
dependencies = [
 "libc",
]

[[package]]
name = "rustc-demangle"
version = "0.1.23"
source = "registry+https://github.com/rust-lang/crates.io-index"
checksum = "d626bb9dae77e28219937af045c257c28bfd3f69333c512553507f5f9798cb76"

[[package]]
name = "syn"
version = "2.0.43"
source = "registry+https://github.com/rust-lang/crates.io-index"
checksum = "ee659fb5f3d355364e1f3e5bc10fb82068efbf824a1e9d1c9504244a6469ad53"
dependencies = [
 "proc-macro2",
 "quote",
 "unicode-ident",
]

[[package]]
name = "thiserror"
version = "1.0.51"
source = "registry+https://github.com/rust-lang/crates.io-index"
checksum = "f11c217e1416d6f036b870f14e0413d480dbf28edbee1f877abaf0206af43bb7"
dependencies = [
 "thiserror-impl",
]

[[package]]
name = "thiserror-impl"
version = "1.0.51"
source = "registry+https://github.com/rust-lang/crates.io-index"
checksum = "01742297787513b79cf8e29d1056ede1313e2420b7b3b15d0a768b4921f549df"
dependencies = [
 "proc-macro2",
 "quote",
 "syn",
]

[[package]]
name = "tokio"
version = "1.35.1"
source = "registry+https://github.com/rust-lang/crates.io-index"
checksum = "c89b4efa943be685f629b149f53829423f8f5531ea21249408e8e2f8671ec104"
dependencies = [
 "backtrace",
 "pin-project-lite",
]

[[package]]
name = "unicode-ident"
version = "1.0.12"
source = "registry+https://github.com/rust-lang/crates.io-index"
checksum = "3354b9ac3fae1ff6755cb6db53683adb661634f67557942dea4facebec0fee4b"
